
Microsoft Visual Studio Solution File, Format Version 12.00
# Visual Studio 15
VisualStudioVersion = 15.0.27019.1
MinimumVisualStudioVersion = 10.0.40219.1
Project("{9A19103F-16F7-4668-BE54-9A1E7A4F7556}") = "Nikhil.PersonalLog.DAL", "Nikhil.PersonalLog.DAL\Nikhil.PersonalLog.DAL.csproj", "{87DCD216-7BEE-48D3-8FC1-2F126855533E}"
EndProject
Project("{E53339B2-1760-4266-BCC7-CA923CBCF16C}") = "docker-compose", "docker-compose.dcproj", "{C88C89AE-70A3-4227-A769-12924B2D0EE8}"
EndProject
Global
	GlobalSection(SolutionConfigurationPlatforms) = preSolution
		Debug|Any CPU = Debug|Any CPU
		Release|Any CPU = Release|Any CPU
	EndGlobalSection
	GlobalSection(ProjectConfigurationPlatforms) = postSolution
		{87DCD216-7BEE-48D3-8FC1-2F126855533E}.Debug|Any CPU.ActiveCfg = Debug|Any CPU
		{87DCD216-7BEE-48D3-8FC1-2F126855533E}.Debug|Any CPU.Build.0 = Debug|Any CPU
		{87DCD216-7BEE-48D3-8FC1-2F126855533E}.Release|Any CPU.ActiveCfg = Release|Any CPU
		{87DCD216-7BEE-48D3-8FC1-2F126855533E}.Release|Any CPU.Build.0 = Release|Any CPU
		{C88C89AE-70A3-4227-A769-12924B2D0EE8}.Debug|Any CPU.ActiveCfg = Debug|Any CPU
		{C88C89AE-70A3-4227-A769-12924B2D0EE8}.Debug|Any CPU.Build.0 = Debug|Any CPU
		{C88C89AE-70A3-4227-A769-12924B2D0EE8}.Release|Any CPU.ActiveCfg = Release|Any CPU
		{C88C89AE-70A3-4227-A769-12924B2D0EE8}.Release|Any CPU.Build.0 = Release|Any CPU
	EndGlobalSection
	GlobalSection(SolutionProperties) = preSolution
		HideSolutionNode = FALSE
	EndGlobalSection
	GlobalSection(ExtensibilityGlobals) = postSolution
		SolutionGuid = {6AE81AB6-0491-4447-A9A1-2923243017CB}
	EndGlobalSection
EndGlobal
