
Microsoft Visual Studio Solution File, Format Version 12.00
# Visual Studio 15
VisualStudioVersion = 15.0.27019.1
MinimumVisualStudioVersion = 10.0.40219.1
Project("{FAE04EC0-301F-11D3-BF4B-00C04F79EFBC}") = "Nikhil.PersonalLog.Web", "Nikhil.PersonalLog.Web\Nikhil.PersonalLog.Web.csproj", "{2EFACFD0-32EB-4951-8620-081DDC119C50}"
EndProject
Project("{E53339B2-1760-4266-BCC7-CA923CBCF16C}") = "docker-compose", "docker-compose.dcproj", "{C88C89AE-70A3-4227-A769-12924B2D0EE8}"
EndProject
Global
	GlobalSection(SolutionConfigurationPlatforms) = preSolution
		Debug|Any CPU = Debug|Any CPU
		Release|Any CPU = Release|Any CPU
	EndGlobalSection
	GlobalSection(ProjectConfigurationPlatforms) = postSolution
		{2EFACFD0-32EB-4951-8620-081DDC119C50}.Debug|Any CPU.ActiveCfg = Debug|Any CPU
		{2EFACFD0-32EB-4951-8620-081DDC119C50}.Debug|Any CPU.Build.0 = Debug|Any CPU
		{2EFACFD0-32EB-4951-8620-081DDC119C50}.Release|Any CPU.ActiveCfg = Release|Any CPU
		{2EFACFD0-32EB-4951-8620-081DDC119C50}.Release|Any CPU.Build.0 = Release|Any CPU
		{C88C89AE-70A3-4227-A769-12924B2D0EE8}.Debug|Any CPU.ActiveCfg = Debug|Any CPU
		{C88C89AE-70A3-4227-A769-12924B2D0EE8}.Debug|Any CPU.Build.0 = Debug|Any CPU
		{C88C89AE-70A3-4227-A769-12924B2D0EE8}.Release|Any CPU.ActiveCfg = Release|Any CPU
		{C88C89AE-70A3-4227-A769-12924B2D0EE8}.Release|Any CPU.Build.0 = Release|Any CPU
	EndGlobalSection
	GlobalSection(SolutionProperties) = preSolution
		HideSolutionNode = FALSE
	EndGlobalSection
	GlobalSection(ExtensibilityGlobals) = postSolution
		SolutionGuid = {119DDAF8-B111-450D-9306-870FB054549A}
	EndGlobalSection
EndGlobal
